{
  "name": "code",
  "version": "1.0.0",
  "lockfileVersion": 3,
  "requires": true,
  "packages": {
    "": {
      "name": "code",
      "version": "1.0.0",
      "license": "ISC",
      "dependencies": {
        "@adobe/firefly-apis": "^1.0.0",
        "@adobe/firefly-services-common-apis": "^1.0.0"
      }
    },
    "node_modules/@adobe/firefly-apis": {
      "version": "1.0.0",
      "resolved": "https://registry.npmjs.org/@adobe/firefly-apis/-/firefly-apis-1.0.0.tgz",
      "integrity": "sha512-L5s+z7qHHT1nO0GHKvhRqEwTgkR/Qplg4T2o8/VdQ3fLOGbGbI/L8UhhnvcyBv6x5YjIQNenx0y4qo6W8VEUpA==",
      "dependencies": {
        "@adobe/firefly-services-sdk-core": "1.0.0"
      },
      "engines": {
        "node": ">=18.0.0"
      }
    },
    "node_modules/@adobe/firefly-services-common-apis": {
      "version": "1.0.0",
      "resolved": "https://registry.npmjs.org/@adobe/firefly-services-common-apis/-/firefly-services-common-apis-1.0.0.tgz",
      "integrity": "sha512-potDhfswRPZ/dHoPcgE2Wo1/xWpCqgEaQ2Tl9k1Vhg5ThFg9jEX1yyHnBC4vst66p89PIMvHFL961Gps15TzwA==",
      "dependencies": {
        "@adobe/firefly-services-sdk-core": "1.0.0"
      },
      "engines": {
        "node": ">=18.0.0"
      }
    },
    "node_modules/@adobe/firefly-services-sdk-core": {
      "version": "1.0.0",
      "resolved": "https://registry.npmjs.org/@adobe/firefly-services-sdk-core/-/firefly-services-sdk-core-1.0.0.tgz",
      "integrity": "sha512-6PAK4fJ5BrJFCb9KbCY+LJAYQluD8i44vth7tiIU2zi3NhkyNkr6C9CyVgbVYROeo95iT9D7fQngTUWJZO05Lw==",
      "engines": {
        "node": ">=18.0.0"
      }
    }
  }
}
