{
  "name": "code",
  "version": "1.0.0",
  "lockfileVersion": 3,
  "requires": true,
  "packages": {
    "": {
      "name": "code",
      "version": "1.0.0",
      "license": "ISC",
      "dependencies": {
        "@adobe/firefly-apis": "^2.0.1",
        "@adobe/firefly-services-common-apis": "^2.0.1"
      }
    },
    "node_modules/@adobe/firefly-apis": {
      "version": "2.0.1",
      "resolved": "https://artifactory.corp.adobe.com/artifactory/api/npm/npm-adobe-release/@adobe/firefly-apis/-/@adobe/firefly-apis-2.0.1.tgz",
      "integrity": "sha512-To6VGfw5M3kRRhMte5z4gOwvxy4aGZeSqgkfCF3gByBs5A6HvD/pgFuU2iIvns/hPU+6ayHM6OgYlthry+JYRw==",
      "license": "Copyright (c) 2024 Adobe Inc",
      "dependencies": {
        "@adobe/firefly-services-common-apis": "2.0.1",
        "@adobe/firefly-services-sdk-core": "2.0.0"
      },
      "engines": {
        "node": ">=18.0.0"
      }
    },
    "node_modules/@adobe/firefly-services-common-apis": {
      "version": "2.0.1",
      "resolved": "https://artifactory.corp.adobe.com/artifactory/api/npm/npm-adobe-release/@adobe/firefly-services-common-apis/-/@adobe/firefly-services-common-apis-2.0.1.tgz",
      "integrity": "sha512-FGSMswjtZ/WlHfz0bF4OHw5CWBVR8ub/lK7XRhveFD/sQ1P3ciDFhy1cfRE7cf4MS5ARgcCn2xJ8TG8R8AUIDg==",
      "license": "Copyright (c) 2024 Adobe Inc",
      "dependencies": {
        "@adobe/firefly-services-sdk-core": "2.0.0"
      },
      "engines": {
        "node": ">=18.0.0"
      }
    },
    "node_modules/@adobe/firefly-services-sdk-core": {
      "version": "2.0.0",
      "resolved": "https://artifactory.corp.adobe.com/artifactory/api/npm/npm-adobe-release/@adobe/firefly-services-sdk-core/-/@adobe/firefly-services-sdk-core-2.0.0.tgz",
      "integrity": "sha512-T8gSWCbFYLdTAXnUuQ5G7wI09OCKtFMVCT1dQgp6eO6jEMUKkGm9VNPRfdxfMhF7gPpi4NkrSBeaXxEg6BJ6lQ==",
      "license": "Copyright (c) 2024 Adobe Inc",
      "engines": {
        "node": ">=18.0.0"
      }
    }
  }
}
